
Microsoft Visual Studio Solution File, Format Version 12.00
# Visual Studio Version 17
VisualStudioVersion = 17.5.002.0
MinimumVisualStudioVersion = 10.0.40219.1
Project("{9A19103F-16F7-4668-BE54-9A1E7A4F7556}") = "TaniProjesi", "TaniProjesi.csproj", "{BD797318-7BBF-4DC7-AB64-0ACD399BE89A}"
EndProject
Global
	GlobalSection(SolutionConfigurationPlatforms) = preSolution
		Debug|Any CPU = Debug|Any CPU
		Release|Any CPU = Release|Any CPU
	EndGlobalSection
	GlobalSection(ProjectConfigurationPlatforms) = postSolution
		{BD797318-7BBF-4DC7-AB64-0ACD399BE89A}.Debug|Any CPU.ActiveCfg = Debug|Any CPU
		{BD797318-7BBF-4DC7-AB64-0ACD399BE89A}.Debug|Any CPU.Build.0 = Debug|Any CPU
		{BD797318-7BBF-4DC7-AB64-0ACD399BE89A}.Release|Any CPU.ActiveCfg = Release|Any CPU
		{BD797318-7BBF-4DC7-AB64-0ACD399BE89A}.Release|Any CPU.Build.0 = Release|Any CPU
	EndGlobalSection
	GlobalSection(SolutionProperties) = preSolution
		HideSolutionNode = FALSE
	EndGlobalSection
	GlobalSection(ExtensibilityGlobals) = postSolution
		SolutionGuid = {BA6BBEAB-2358-456B-806F-49012CC10CD6}
	EndGlobalSection
EndGlobal
